
Microsoft Visual Studio Solution File, Format Version 12.00
# Visual Studio Version 16
VisualStudioVersion = 16.0.30804.86
MinimumVisualStudioVersion = 10.0.40219.1
Project("{FAE04EC0-301F-11D3-BF4B-00C04F79EFBC}") = "RealTimeTasks.Web", "RealTimeTasks.Web\RealTimeTasks.Web.csproj", "{45F65110-CF33-49FA-A8B9-0F8043041226}"
EndProject
Project("{FAE04EC0-301F-11D3-BF4B-00C04F79EFBC}") = "RealTimeTasks.Data", "RealTimeTasks.Data\RealTimeTasks.Data.csproj", "{F7FECEB2-3259-44C1-AC1E-BCD7D0B28AA5}"
EndProject
Global
	GlobalSection(SolutionConfigurationPlatforms) = preSolution
		Debug|Any CPU = Debug|Any CPU
		Release|Any CPU = Release|Any CPU
	EndGlobalSection
	GlobalSection(ProjectConfigurationPlatforms) = postSolution
		{45F65110-CF33-49FA-A8B9-0F8043041226}.Debug|Any CPU.ActiveCfg = Debug|Any CPU
		{45F65110-CF33-49FA-A8B9-0F8043041226}.Debug|Any CPU.Build.0 = Debug|Any CPU
		{45F65110-CF33-49FA-A8B9-0F8043041226}.Release|Any CPU.ActiveCfg = Release|Any CPU
		{45F65110-CF33-49FA-A8B9-0F8043041226}.Release|Any CPU.Build.0 = Release|Any CPU
		{F7FECEB2-3259-44C1-AC1E-BCD7D0B28AA5}.Debug|Any CPU.ActiveCfg = Debug|Any CPU
		{F7FECEB2-3259-44C1-AC1E-BCD7D0B28AA5}.Debug|Any CPU.Build.0 = Debug|Any CPU
		{F7FECEB2-3259-44C1-AC1E-BCD7D0B28AA5}.Release|Any CPU.ActiveCfg = Release|Any CPU
		{F7FECEB2-3259-44C1-AC1E-BCD7D0B28AA5}.Release|Any CPU.Build.0 = Release|Any CPU
	EndGlobalSection
	GlobalSection(SolutionProperties) = preSolution
		HideSolutionNode = FALSE
	EndGlobalSection
	GlobalSection(ExtensibilityGlobals) = postSolution
		SolutionGuid = {2D60B7CE-4A65-4758-955D-3E503188587D}
	EndGlobalSection
EndGlobal
